
Microsoft Visual Studio Solution File, Format Version 12.00
# Visual Studio Version 17
VisualStudioVersion = 17.6.33829.357
MinimumVisualStudioVersion = 10.0.40219.1
Project("{FAE04EC0-301F-11D3-BF4B-00C04F79EFBC}") = "Calculater 1", "Calculater 1\Calculater 1.csproj", "{959D620D-35D3-46A3-A61B-D4E8B7874F76}"
EndProject
Global
	GlobalSection(SolutionConfigurationPlatforms) = preSolution
		Debug|Any CPU = Debug|Any CPU
		Release|Any CPU = Release|Any CPU
	EndGlobalSection
	GlobalSection(ProjectConfigurationPlatforms) = postSolution
		{959D620D-35D3-46A3-A61B-D4E8B7874F76}.Debug|Any CPU.ActiveCfg = Debug|Any CPU
		{959D620D-35D3-46A3-A61B-D4E8B7874F76}.Debug|Any CPU.Build.0 = Debug|Any CPU
		{959D620D-35D3-46A3-A61B-D4E8B7874F76}.Release|Any CPU.ActiveCfg = Release|Any CPU
		{959D620D-35D3-46A3-A61B-D4E8B7874F76}.Release|Any CPU.Build.0 = Release|Any CPU
	EndGlobalSection
	GlobalSection(SolutionProperties) = preSolution
		HideSolutionNode = FALSE
	EndGlobalSection
	GlobalSection(ExtensibilityGlobals) = postSolution
		SolutionGuid = {B2D76E53-C559-4509-9DFF-CE0C0EB9FE26}
	EndGlobalSection
EndGlobal
