
Microsoft Visual Studio Solution File, Format Version 12.00
# Visual Studio Version 17
VisualStudioVersion = 17.6.33829.357
MinimumVisualStudioVersion = 10.0.40219.1
Project("{FAE04EC0-301F-11D3-BF4B-00C04F79EFBC}") = "Stone paper Scissor", "Stone paper Scissor\Stone paper Scissor.csproj", "{65995D55-4929-4011-BB08-C1873A2538A2}"
EndProject
Global
	GlobalSection(SolutionConfigurationPlatforms) = preSolution
		Debug|Any CPU = Debug|Any CPU
		Release|Any CPU = Release|Any CPU
	EndGlobalSection
	GlobalSection(ProjectConfigurationPlatforms) = postSolution
		{65995D55-4929-4011-BB08-C1873A2538A2}.Debug|Any CPU.ActiveCfg = Debug|Any CPU
		{65995D55-4929-4011-BB08-C1873A2538A2}.Debug|Any CPU.Build.0 = Debug|Any CPU
		{65995D55-4929-4011-BB08-C1873A2538A2}.Release|Any CPU.ActiveCfg = Release|Any CPU
		{65995D55-4929-4011-BB08-C1873A2538A2}.Release|Any CPU.Build.0 = Release|Any CPU
	EndGlobalSection
	GlobalSection(SolutionProperties) = preSolution
		HideSolutionNode = FALSE
	EndGlobalSection
	GlobalSection(ExtensibilityGlobals) = postSolution
		SolutionGuid = {90F73125-399B-4ECF-837A-D4FD8BA85022}
	EndGlobalSection
EndGlobal
